
Microsoft Visual Studio Solution File, Format Version 12.00
# Visual Studio Version 17
VisualStudioVersion = 17.9.34728.123
MinimumVisualStudioVersion = 10.0.40219.1
Project("{FAE04EC0-301F-11D3-BF4B-00C04F79EFBC}") = "WpfClient", "WpfClient.csproj", "{456093D3-59D2-46F1-A8B3-05B78A8E3A94}"
EndProject
Global
	GlobalSection(SolutionConfigurationPlatforms) = preSolution
		Debug|Any CPU = Debug|Any CPU
		Release|Any CPU = Release|Any CPU
	EndGlobalSection
	GlobalSection(ProjectConfigurationPlatforms) = postSolution
		{456093D3-59D2-46F1-A8B3-05B78A8E3A94}.Debug|Any CPU.ActiveCfg = Debug|Any CPU
		{456093D3-59D2-46F1-A8B3-05B78A8E3A94}.Debug|Any CPU.Build.0 = Debug|Any CPU
		{456093D3-59D2-46F1-A8B3-05B78A8E3A94}.Release|Any CPU.ActiveCfg = Release|Any CPU
		{456093D3-59D2-46F1-A8B3-05B78A8E3A94}.Release|Any CPU.Build.0 = Release|Any CPU
	EndGlobalSection
	GlobalSection(SolutionProperties) = preSolution
		HideSolutionNode = FALSE
	EndGlobalSection
	GlobalSection(ExtensibilityGlobals) = postSolution
		SolutionGuid = {AFC2E525-93A3-40B5-A6D0-1D606B5B4A16}
	EndGlobalSection
EndGlobal
